
Microsoft Visual Studio Solution File, Format Version 12.00
# Visual Studio 15
VisualStudioVersion = 15.0.27130.2036
MinimumVisualStudioVersion = 10.0.40219.1
Project("{FAE04EC0-301F-11D3-BF4B-00C04F79EFBC}") = "ProjektZTP", "ProjektZTP\ProjektZTP.csproj", "{3677D1E7-BF87-4EAE-BC1A-8BE86C920270}"
EndProject
Global
	GlobalSection(SolutionConfigurationPlatforms) = preSolution
		Debug|Any CPU = Debug|Any CPU
		Release|Any CPU = Release|Any CPU
	EndGlobalSection
	GlobalSection(ProjectConfigurationPlatforms) = postSolution
		{3677D1E7-BF87-4EAE-BC1A-8BE86C920270}.Debug|Any CPU.ActiveCfg = Debug|Any CPU
		{3677D1E7-BF87-4EAE-BC1A-8BE86C920270}.Debug|Any CPU.Build.0 = Debug|Any CPU
		{3677D1E7-BF87-4EAE-BC1A-8BE86C920270}.Release|Any CPU.ActiveCfg = Release|Any CPU
		{3677D1E7-BF87-4EAE-BC1A-8BE86C920270}.Release|Any CPU.Build.0 = Release|Any CPU
	EndGlobalSection
	GlobalSection(SolutionProperties) = preSolution
		HideSolutionNode = FALSE
	EndGlobalSection
	GlobalSection(ExtensibilityGlobals) = postSolution
		SolutionGuid = {51B30754-74B9-45EF-B023-7DAB793A66D4}
	EndGlobalSection
EndGlobal
